<?xml version="1.0" encoding="utf-8"?>
<Project ToolsVersion="4.0" xmlns="http://schemas.microsoft.com/developer/msbuild/2003">
  <ItemGroup>
    <Filter Include="Library">
      <UniqueIdentifier>{c685c664-dbce-4edf-a72a-f26cfd8e1e40}</UniqueIdentifier>
    </Filter>
    <Filter Include="public">
      <UniqueIdentifier>{180f27af-9ad5-4014-be23-e7322ef3938c}</UniqueIdentifier>
    </Filter>
    <Filter Include="private">
      <UniqueIdentifier>{5f43bf1e-343d-4c15-b54d-2954564a1d57}</UniqueIdentifier>
    </Filter>
  </ItemGroup>
  <ItemGroup>
    <ClInclude Include="..\..\Libraries\ImGui\imconfig.h">
      <Filter>Library</Filter>
    </ClInclude>
    <ClInclude Include="..\..\Libraries\ImGui\imgui.h">
      <Filter>Library</Filter>
    </ClInclude>
    <ClInclude Include="..\..\Libraries\ImGui\imgui_impl_dx11.h">
      <Filter>Library</Filter>
    </ClInclude>
    <ClInclude Include="..\..\Libraries\ImGui\imgui_impl_win32.h">
      <Filter>Library</Filter>
    </ClInclude>
    <ClInclude Include="..\..\Libraries\ImGui\imgui_internal.h">
      <Filter>Library</Filter>
    </ClInclude>
    <ClInclude Include="..\..\Libraries\ImGui\imstb_rectpack.h">
      <Filter>Library</Filter>
    </ClInclude>
    <ClInclude Include="..\..\Libraries\ImGui\imstb_textedit.h">
      <Filter>Library</Filter>
    </ClInclude>
    <ClInclude Include="..\..\Libraries\ImGui\imstb_truetype.h">
      <Filter>Library</Filter>
    </ClInclude>
    <ClInclude Include="ImGuiManager.h">
      <Filter>public</Filter>
    </ClInclude>
  </ItemGroup>
  <ItemGroup>
    <ClCompile Include="..\..\Libraries\ImGui\imgui.cpp">
      <Filter>Library</Filter>
    </ClCompile>
    <ClCompile Include="..\..\Libraries\ImGui\imgui_demo.cpp">
      <Filter>Library</Filter>
    </ClCompile>
    <ClCompile Include="..\..\Libraries\ImGui\imgui_draw.cpp">
      <Filter>Library</Filter>
    </ClCompile>
    <ClCompile Include="..\..\Libraries\ImGui\imgui_impl_dx11.cpp">
      <Filter>Library</Filter>
    </ClCompile>
    <ClCompile Include="..\..\Libraries\ImGui\imgui_impl_win32.cpp">
      <Filter>Library</Filter>
    </ClCompile>
    <ClCompile Include="..\..\Libraries\ImGui\imgui_tables.cpp">
      <Filter>Library</Filter>
    </ClCompile>
    <ClCompile Include="..\..\Libraries\ImGui\imgui_widgets.cpp">
      <Filter>Library</Filter>
    </ClCompile>
    <ClCompile Include="ImGuiManager.cpp">
      <Filter>private</Filter>
    </ClCompile>
  </ItemGroup>
</Project>