<?xml version="1.0" encoding="utf-8"?>
<Project ToolsVersion="4.0" xmlns="http://schemas.microsoft.com/developer/msbuild/2003">
  <ItemGroup>
    <Filter Include="DX11">
      <UniqueIdentifier>{e754c46d-1243-418f-add2-74172b6bba92}</UniqueIdentifier>
    </Filter>
    <Filter Include="DX11\public">
      <UniqueIdentifier>{00ed1334-be4d-46b4-8523-f09db54820e5}</UniqueIdentifier>
    </Filter>
    <Filter Include="DX11\private">
      <UniqueIdentifier>{7ff77e64-afe5-4ed7-9820-b0d9fb35b59c}</UniqueIdentifier>
    </Filter>
    <Filter Include="Core">
      <UniqueIdentifier>{23bb6807-8d0f-492a-8a3d-1ead76c2ac28}</UniqueIdentifier>
    </Filter>
    <Filter Include="Core\public">
      <UniqueIdentifier>{35389ad5-35f5-4559-9822-e30127b3025d}</UniqueIdentifier>
    </Filter>
    <Filter Include="Core\private">
      <UniqueIdentifier>{dc94cceb-a719-45bf-8901-6fc689d8a747}</UniqueIdentifier>
    </Filter>
    <Filter Include="DX11\Bindings">
      <UniqueIdentifier>{8708fa61-3d56-4896-8814-3bad8acdd7fb}</UniqueIdentifier>
    </Filter>
    <Filter Include="DX11\Bindings\public">
      <UniqueIdentifier>{649b76cf-1996-4df6-99db-ef9fbfc07fc9}</UniqueIdentifier>
    </Filter>
    <Filter Include="DX11\Bindings\private">
      <UniqueIdentifier>{b87ded74-0cbe-449f-981a-302eeb5eb99a}</UniqueIdentifier>
    </Filter>
    <Filter Include="Shaders">
      <UniqueIdentifier>{e6d4c464-92a2-46be-afe8-8a7d7d12e690}</UniqueIdentifier>
    </Filter>
    <Filter Include="Shaders\public">
      <UniqueIdentifier>{dad1afd3-aa44-46b0-9e2b-52c7960c2880}</UniqueIdentifier>
    </Filter>
    <Filter Include="Shaders\private">
      <UniqueIdentifier>{acd0480d-b273-4c2d-82be-0c2cc72c373d}</UniqueIdentifier>
    </Filter>
  </ItemGroup>
  <ItemGroup>
    <ClCompile Include="DX11\Graphics.cpp">
      <Filter>DX11\private</Filter>
    </ClCompile>
    <ClCompile Include="DX11\DX11Exceptions.cpp">
      <Filter>DX11\private</Filter>
    </ClCompile>
    <ClCompile Include="DX11\Bindings\Bindable.cpp">
      <Filter>DX11\Bindings\private</Filter>
    </ClCompile>
    <ClCompile Include="Core\Drawable.cpp">
      <Filter>Core\private</Filter>
    </ClCompile>
    <ClCompile Include="DX11\Bindings\IndexBuffer.cpp">
      <Filter>DX11\Bindings\private</Filter>
    </ClCompile>
    <ClCompile Include="DX11\Bindings\InputLayout.cpp">
      <Filter>DX11\Bindings\private</Filter>
    </ClCompile>
    <ClCompile Include="DX11\Bindings\PixelShader.cpp">
      <Filter>DX11\Bindings\private</Filter>
    </ClCompile>
    <ClCompile Include="DX11\Bindings\Sampler.cpp">
      <Filter>DX11\Bindings\private</Filter>
    </ClCompile>
    <ClCompile Include="DX11\Bindings\Texture.cpp">
      <Filter>DX11\Bindings\private</Filter>
    </ClCompile>
    <ClCompile Include="DX11\Bindings\Topology.cpp">
      <Filter>DX11\Bindings\private</Filter>
    </ClCompile>
    <ClCompile Include="DX11\Bindings\TransformCbuf.cpp">
      <Filter>DX11\Bindings\private</Filter>
    </ClCompile>
    <ClCompile Include="DX11\Bindings\VertexBuffer.cpp">
      <Filter>DX11\Bindings\private</Filter>
    </ClCompile>
    <ClCompile Include="DX11\Bindings\VertexShader.cpp">
      <Filter>DX11\Bindings\private</Filter>
    </ClCompile>
    <ClCompile Include="DX11\Bindings\BindableCodex.cpp">
      <Filter>DX11\Bindings\private</Filter>
    </ClCompile>
    <ClCompile Include="Core\Mesh.cpp">
      <Filter>Core\private</Filter>
    </ClCompile>
    <ClCompile Include="Core\ModelException.cpp">
      <Filter>Core\private</Filter>
    </ClCompile>
    <ClCompile Include="Core\Vertex.cpp">
      <Filter>Core\private</Filter>
    </ClCompile>
    <ClCompile Include="Core\Camera.cpp">
      <Filter>Core\private</Filter>
    </ClCompile>
    <ClCompile Include="Core\PointLight.cpp">
      <Filter>Core\private</Filter>
    </ClCompile>
    <ClCompile Include="DX11\Bindings\FrameCBuf.cpp">
      <Filter>DX11\Bindings\private</Filter>
    </ClCompile>
    <ClCompile Include="DX11\Bindings\InstanceBuffer.cpp">
      <Filter>DX11\Bindings\private</Filter>
    </ClCompile>
    <ClCompile Include="DX11\Bindings\ComputeTexture.cpp">
      <Filter>DX11\Bindings</Filter>
    </ClCompile>
    <ClCompile Include="Core\MeshFactory.cpp">
      <Filter>Core</Filter>
    </ClCompile>
    <ClCompile Include="Core\Material.cpp">
      <Filter>Core</Filter>
    </ClCompile>
    <ClCompile Include="Core\PipelineSettings.cpp">
      <Filter>Core</Filter>
    </ClCompile>
    <ClCompile Include="DX11\Bindings\TerrainComputeShader.cpp">
      <Filter>DX11\Bindings</Filter>
    </ClCompile>
    <ClCompile Include="Core\RenderableObject.cpp">
      <Filter>Core</Filter>
    </ClCompile>
  </ItemGroup>
  <ItemGroup>
    <ClInclude Include="DX11\Graphics.h">
      <Filter>DX11\public</Filter>
    </ClInclude>
    <ClInclude Include="DX11\DX11Exceptions.h">
      <Filter>DX11\public</Filter>
    </ClInclude>
    <ClInclude Include="DX11\GraphicsExceptionsMacros.h">
      <Filter>DX11\public</Filter>
    </ClInclude>
    <ClInclude Include="DX11\Bindings\Bindable.h">
      <Filter>DX11\Bindings\public</Filter>
    </ClInclude>
    <ClInclude Include="Core\Drawable.h">
      <Filter>Core\public</Filter>
    </ClInclude>
    <ClInclude Include="DX11\Bindings\IndexBuffer.h">
      <Filter>DX11\Bindings\public</Filter>
    </ClInclude>
    <ClInclude Include="DX11\Bindings\InputLayout.h">
      <Filter>DX11\Bindings\public</Filter>
    </ClInclude>
    <ClInclude Include="DX11\Bindings\PixelShader.h">
      <Filter>DX11\Bindings\public</Filter>
    </ClInclude>
    <ClInclude Include="DX11\Bindings\Sampler.h">
      <Filter>DX11\Bindings\public</Filter>
    </ClInclude>
    <ClInclude Include="DX11\Bindings\Texture.h">
      <Filter>DX11\Bindings\public</Filter>
    </ClInclude>
    <ClInclude Include="DX11\Bindings\Topology.h">
      <Filter>DX11\Bindings\public</Filter>
    </ClInclude>
    <ClInclude Include="DX11\Bindings\TransformCbuf.h">
      <Filter>DX11\Bindings\public</Filter>
    </ClInclude>
    <ClInclude Include="DX11\Bindings\VertexBuffer.h">
      <Filter>DX11\Bindings\public</Filter>
    </ClInclude>
    <ClInclude Include="DX11\Bindings\VertexShader.h">
      <Filter>DX11\Bindings\public</Filter>
    </ClInclude>
    <ClInclude Include="DX11\Bindings\BindableCodex.h">
      <Filter>DX11\Bindings\public</Filter>
    </ClInclude>
    <ClInclude Include="Core\Vertex.h">
      <Filter>Core\public</Filter>
    </ClInclude>
    <ClInclude Include="DX11\Bindings\ConstantBuffers.h">
      <Filter>DX11\Bindings\public</Filter>
    </ClInclude>
    <ClInclude Include="Core\Mesh.h">
      <Filter>Core\public</Filter>
    </ClInclude>
    <ClInclude Include="Core\ModelException.h">
      <Filter>Core\public</Filter>
    </ClInclude>
    <ClInclude Include="Core\Color.h">
      <Filter>Core\public</Filter>
    </ClInclude>
    <ClInclude Include="Core\Camera.h">
      <Filter>Core\public</Filter>
    </ClInclude>
    <ClInclude Include="Core\PointLight.h">
      <Filter>Core\public</Filter>
    </ClInclude>
    <ClInclude Include="DX11\Bindings\FrameCBuf.h">
      <Filter>DX11\Bindings\public</Filter>
    </ClInclude>
    <ClInclude Include="Core\InstanceData.h">
      <Filter>Core\public</Filter>
    </ClInclude>
    <ClInclude Include="DX11\Bindings\InstanceBuffer.h">
      <Filter>DX11\Bindings\public</Filter>
    </ClInclude>
    <ClInclude Include="DX11\Bindings\ComputeTexture.h">
      <Filter>DX11\Bindings</Filter>
    </ClInclude>
    <ClInclude Include="Core\MeshFactory.h">
      <Filter>Core</Filter>
    </ClInclude>
    <ClInclude Include="Core\MeshData.h">
      <Filter>Core</Filter>
    </ClInclude>
    <ClInclude Include="Core\Material.h">
      <Filter>Core</Filter>
    </ClInclude>
    <ClInclude Include="Core\PipelineSettings.h">
      <Filter>Core</Filter>
    </ClInclude>
    <ClInclude Include="DX11\Bindings\TerrainComputeShader.h">
      <Filter>DX11\Bindings</Filter>
    </ClInclude>
    <ClInclude Include="Core\RenderableObject.h">
      <Filter>Core</Filter>
    </ClInclude>
  </ItemGroup>
  <ItemGroup>
    <FxCompile Include="Shaders\StandardPS.hlsl">
      <Filter>Shaders\private</Filter>
    </FxCompile>
    <FxCompile Include="Shaders\StandardVS.hlsl">
      <Filter>Shaders\private</Filter>
    </FxCompile>
    <FxCompile Include="Shaders\GrassVS.hlsl">
      <Filter>Shaders\private</Filter>
    </FxCompile>
    <FxCompile Include="Shaders\GrassPS.hlsl">
      <Filter>Shaders\private</Filter>
    </FxCompile>
    <FxCompile Include="Shaders\TerrainCS.hlsl">
      <Filter>Shaders</Filter>
    </FxCompile>
    <FxCompile Include="Shaders\TerrainVS.hlsl">
      <Filter>Shaders\private</Filter>
    </FxCompile>
  </ItemGroup>
  <ItemGroup>
    <None Include="Shaders\ConstantBuffers.hlsli">
      <Filter>Shaders\public</Filter>
    </None>
    <None Include="Shaders\DirectionalLight.hlsli">
      <Filter>Shaders\public</Filter>
    </None>
    <None Include="Shaders\PBR.hlsli">
      <Filter>Shaders\public</Filter>
    </None>
    <None Include="Shaders\ShaderStructures.hlsli">
      <Filter>Shaders\public</Filter>
    </None>
  </ItemGroup>
</Project>