<?xml version="1.0" encoding="utf-8"?>
<Project ToolsVersion="4.0" xmlns="http://schemas.microsoft.com/developer/msbuild/2003">
  <ItemGroup>
    <Filter Include="Exceptions">
      <UniqueIdentifier>{6d80d872-1ddb-4ffb-beae-d690ab81fb21}</UniqueIdentifier>
    </Filter>
    <Filter Include="Exceptions\public">
      <UniqueIdentifier>{a7fda183-f8fe-4a9c-a009-4edaed6cce44}</UniqueIdentifier>
    </Filter>
    <Filter Include="Exceptions\private">
      <UniqueIdentifier>{fff06d2f-5042-4dbf-8bef-d1161b06df0d}</UniqueIdentifier>
    </Filter>
    <Filter Include="Time">
      <UniqueIdentifier>{f4bb40bb-3b07-438e-91a7-b83c2b73acc0}</UniqueIdentifier>
    </Filter>
    <Filter Include="Time\public">
      <UniqueIdentifier>{54be1ffd-7851-4c3c-b9c5-a9674acab4e2}</UniqueIdentifier>
    </Filter>
    <Filter Include="Time\private">
      <UniqueIdentifier>{ad67092e-743d-4740-a2c5-141d0599dee0}</UniqueIdentifier>
    </Filter>
    <Filter Include="Win32">
      <UniqueIdentifier>{eb8410e3-15d3-46c3-b679-69a5e3a6fb27}</UniqueIdentifier>
    </Filter>
    <Filter Include="Win32\public">
      <UniqueIdentifier>{01a31e3f-840b-4372-b855-d01fe4cd4bdc}</UniqueIdentifier>
    </Filter>
  </ItemGroup>
  <ItemGroup>
    <ClInclude Include="Exceptions\BaseException.h">
      <Filter>Exceptions\public</Filter>
    </ClInclude>
    <ClInclude Include="Time\Timer.h">
      <Filter>Time\public</Filter>
    </ClInclude>
    <ClInclude Include="Win32\MinWindows.h">
      <Filter>Win32\public</Filter>
    </ClInclude>
    <ClInclude Include="Exceptions\ConditionalNoexcept.h">
      <Filter>Exceptions\public</Filter>
    </ClInclude>
  </ItemGroup>
  <ItemGroup>
    <ClCompile Include="Exceptions\BaseException.cpp">
      <Filter>Exceptions\private</Filter>
    </ClCompile>
    <ClCompile Include="Time\Timer.cpp">
      <Filter>Time\private</Filter>
    </ClCompile>
  </ItemGroup>
</Project>